{
  "name": "to-do-list",
  "lockfileVersion": 3,
  "requires": true,
  "packages": {
    "": {
      "dependencies": {
        "picoprompt": "^5.0.1"
      }
    },
    "node_modules/picoprompt": {
      "version": "5.0.1",
      "resolved": "https://registry.npmjs.org/picoprompt/-/picoprompt-5.0.1.tgz",
      "integrity": "sha512-sURc4ubBiN9FNSulSC9I/cwzsXiJ/lokh9kUHRTtdfQWsHHjWPQRct3GGXHOjmn0ECCtFFsNtQqOCjFfHoKslw==",
      "license": "MIT",
      "engines": {
        "node": ">=20.0.0"
      }
    }
  }
}
